
Microsoft Visual Studio Solution File, Format Version 12.00
# Visual Studio Version 17
VisualStudioVersion = 17.1.32210.238
MinimumVisualStudioVersion = 10.0.40219.1
Project("{8BC9CEB8-8B4A-11D0-8D11-00A0C91BC942}") = "Lab1", "Lab1\Lab1.vcxproj", "{0D66273B-4ED3-42F3-A374-B1EFADC9BB58}"
EndProject
Project("{8BC9CEB8-8B4A-11D0-8D11-00A0C91BC942}") = "Lab2", "Lab2\Lab2.vcxproj", "{59815B35-A45F-4507-A647-98FA8D17ED08}"
EndProject
Project("{8BC9CEB8-8B4A-11D0-8D11-00A0C91BC942}") = "Lab3_1", "Lab3\Lab3.vcxproj", "{A0AE2634-3AE0-46D6-BEEC-CE7AD270935B}"
EndProject
Project("{8BC9CEB8-8B4A-11D0-8D11-00A0C91BC942}") = "Lab3_2", "Lab3_2\Lab3_2.vcxproj", "{B641C2C6-B922-40D8-9EB5-438B084E0D0D}"
EndProject
Project("{8BC9CEB8-8B4A-11D0-8D11-00A0C91BC942}") = "Lab4", "Lab4\Lab4.vcxproj", "{E3176879-760F-4B83-B49E-58F89801F598}"
EndProject
Project("{8BC9CEB8-8B4A-11D0-8D11-00A0C91BC942}") = "Lab5", "Lab5\Lab5.vcxproj", "{0B7D597F-378E-4609-A6D8-2B67A8486BD1}"
EndProject
Project("{8BC9CEB8-8B4A-11D0-8D11-00A0C91BC942}") = "Lab6", "Lab6\Lab6.vcxproj", "{C7F9CF06-A9BC-417A-9DA3-E3D7030934FA}"
EndProject
Project("{8BC9CEB8-8B4A-11D0-8D11-00A0C91BC942}") = "Lab7", "Lab7\Lab7.vcxproj", "{0D1497A4-1917-46B0-8886-1C04FA11A825}"
EndProject
Project("{8BC9CEB8-8B4A-11D0-8D11-00A0C91BC942}") = "Lab8_fstream", "Lab8\Lab8.vcxproj", "{41B5DA1A-4FE3-470F-9E5D-5975294C1A64}"
EndProject
Project("{8BC9CEB8-8B4A-11D0-8D11-00A0C91BC942}") = "Lab8_cstdio", "Lab8_cstdio\Lab8_cstdio.vcxproj", "{2887918F-4AE3-42C1-8CF2-ABE749B0700A}"
EndProject
Project("{2150E333-8FDC-42A3-9474-1A3956D46DE8}") = "Solution Items", "Solution Items", "{0B3DCC02-BFF3-4563-9B37-EDE433CDD991}"
	ProjectSection(SolutionItems) = preProject
		final_version_changes.txt = final_version_changes.txt
	EndProjectSection
EndProject
Global
	GlobalSection(SolutionConfigurationPlatforms) = preSolution
		Debug|Any CPU = Debug|Any CPU
		Debug|x64 = Debug|x64
		Debug|x86 = Debug|x86
		Release|Any CPU = Release|Any CPU
		Release|x64 = Release|x64
		Release|x86 = Release|x86
	EndGlobalSection
	GlobalSection(ProjectConfigurationPlatforms) = postSolution
		{0D66273B-4ED3-42F3-A374-B1EFADC9BB58}.Debug|Any CPU.ActiveCfg = Debug|x64
		{0D66273B-4ED3-42F3-A374-B1EFADC9BB58}.Debug|Any CPU.Build.0 = Debug|x64
		{0D66273B-4ED3-42F3-A374-B1EFADC9BB58}.Debug|x64.ActiveCfg = Debug|x64
		{0D66273B-4ED3-42F3-A374-B1EFADC9BB58}.Debug|x64.Build.0 = Debug|x64
		{0D66273B-4ED3-42F3-A374-B1EFADC9BB58}.Debug|x86.ActiveCfg = Debug|Win32
		{0D66273B-4ED3-42F3-A374-B1EFADC9BB58}.Debug|x86.Build.0 = Debug|Win32
		{0D66273B-4ED3-42F3-A374-B1EFADC9BB58}.Release|Any CPU.ActiveCfg = Release|x64
		{0D66273B-4ED3-42F3-A374-B1EFADC9BB58}.Release|Any CPU.Build.0 = Release|x64
		{0D66273B-4ED3-42F3-A374-B1EFADC9BB58}.Release|x64.ActiveCfg = Release|x64
		{0D66273B-4ED3-42F3-A374-B1EFADC9BB58}.Release|x64.Build.0 = Release|x64
		{0D66273B-4ED3-42F3-A374-B1EFADC9BB58}.Release|x86.ActiveCfg = Release|Win32
		{0D66273B-4ED3-42F3-A374-B1EFADC9BB58}.Release|x86.Build.0 = Release|Win32
		{59815B35-A45F-4507-A647-98FA8D17ED08}.Debug|Any CPU.ActiveCfg = Debug|x64
		{59815B35-A45F-4507-A647-98FA8D17ED08}.Debug|Any CPU.Build.0 = Debug|x64
		{59815B35-A45F-4507-A647-98FA8D17ED08}.Debug|x64.ActiveCfg = Debug|x64
		{59815B35-A45F-4507-A647-98FA8D17ED08}.Debug|x64.Build.0 = Debug|x64
		{59815B35-A45F-4507-A647-98FA8D17ED08}.Debug|x86.ActiveCfg = Debug|Win32
		{59815B35-A45F-4507-A647-98FA8D17ED08}.Debug|x86.Build.0 = Debug|Win32
		{59815B35-A45F-4507-A647-98FA8D17ED08}.Release|Any CPU.ActiveCfg = Release|x64
		{59815B35-A45F-4507-A647-98FA8D17ED08}.Release|Any CPU.Build.0 = Release|x64
		{59815B35-A45F-4507-A647-98FA8D17ED08}.Release|x64.ActiveCfg = Release|x64
		{59815B35-A45F-4507-A647-98FA8D17ED08}.Release|x64.Build.0 = Release|x64
		{59815B35-A45F-4507-A647-98FA8D17ED08}.Release|x86.ActiveCfg = Release|Win32
		{59815B35-A45F-4507-A647-98FA8D17ED08}.Release|x86.Build.0 = Release|Win32
		{A0AE2634-3AE0-46D6-BEEC-CE7AD270935B}.Debug|Any CPU.ActiveCfg = Debug|x64
		{A0AE2634-3AE0-46D6-BEEC-CE7AD270935B}.Debug|Any CPU.Build.0 = Debug|x64
		{A0AE2634-3AE0-46D6-BEEC-CE7AD270935B}.Debug|x64.ActiveCfg = Debug|x64
		{A0AE2634-3AE0-46D6-BEEC-CE7AD270935B}.Debug|x64.Build.0 = Debug|x64
		{A0AE2634-3AE0-46D6-BEEC-CE7AD270935B}.Debug|x86.ActiveCfg = Debug|Win32
		{A0AE2634-3AE0-46D6-BEEC-CE7AD270935B}.Debug|x86.Build.0 = Debug|Win32
		{A0AE2634-3AE0-46D6-BEEC-CE7AD270935B}.Release|Any CPU.ActiveCfg = Release|x64
		{A0AE2634-3AE0-46D6-BEEC-CE7AD270935B}.Release|Any CPU.Build.0 = Release|x64
		{A0AE2634-3AE0-46D6-BEEC-CE7AD270935B}.Release|x64.ActiveCfg = Release|x64
		{A0AE2634-3AE0-46D6-BEEC-CE7AD270935B}.Release|x64.Build.0 = Release|x64
		{A0AE2634-3AE0-46D6-BEEC-CE7AD270935B}.Release|x86.ActiveCfg = Release|Win32
		{A0AE2634-3AE0-46D6-BEEC-CE7AD270935B}.Release|x86.Build.0 = Release|Win32
		{B641C2C6-B922-40D8-9EB5-438B084E0D0D}.Debug|Any CPU.ActiveCfg = Debug|x64
		{B641C2C6-B922-40D8-9EB5-438B084E0D0D}.Debug|Any CPU.Build.0 = Debug|x64
		{B641C2C6-B922-40D8-9EB5-438B084E0D0D}.Debug|x64.ActiveCfg = Debug|x64
		{B641C2C6-B922-40D8-9EB5-438B084E0D0D}.Debug|x64.Build.0 = Debug|x64
		{B641C2C6-B922-40D8-9EB5-438B084E0D0D}.Debug|x86.ActiveCfg = Debug|Win32
		{B641C2C6-B922-40D8-9EB5-438B084E0D0D}.Debug|x86.Build.0 = Debug|Win32
		{B641C2C6-B922-40D8-9EB5-438B084E0D0D}.Release|Any CPU.ActiveCfg = Release|x64
		{B641C2C6-B922-40D8-9EB5-438B084E0D0D}.Release|Any CPU.Build.0 = Release|x64
		{B641C2C6-B922-40D8-9EB5-438B084E0D0D}.Release|x64.ActiveCfg = Release|x64
		{B641C2C6-B922-40D8-9EB5-438B084E0D0D}.Release|x64.Build.0 = Release|x64
		{B641C2C6-B922-40D8-9EB5-438B084E0D0D}.Release|x86.ActiveCfg = Release|Win32
		{B641C2C6-B922-40D8-9EB5-438B084E0D0D}.Release|x86.Build.0 = Release|Win32
		{E3176879-760F-4B83-B49E-58F89801F598}.Debug|Any CPU.ActiveCfg = Debug|x64
		{E3176879-760F-4B83-B49E-58F89801F598}.Debug|Any CPU.Build.0 = Debug|x64
		{E3176879-760F-4B83-B49E-58F89801F598}.Debug|x64.ActiveCfg = Debug|x64
		{E3176879-760F-4B83-B49E-58F89801F598}.Debug|x64.Build.0 = Debug|x64
		{E3176879-760F-4B83-B49E-58F89801F598}.Debug|x86.ActiveCfg = Debug|Win32
		{E3176879-760F-4B83-B49E-58F89801F598}.Debug|x86.Build.0 = Debug|Win32
		{E3176879-760F-4B83-B49E-58F89801F598}.Release|Any CPU.ActiveCfg = Release|x64
		{E3176879-760F-4B83-B49E-58F89801F598}.Release|Any CPU.Build.0 = Release|x64
		{E3176879-760F-4B83-B49E-58F89801F598}.Release|x64.ActiveCfg = Release|x64
		{E3176879-760F-4B83-B49E-58F89801F598}.Release|x64.Build.0 = Release|x64
		{E3176879-760F-4B83-B49E-58F89801F598}.Release|x86.ActiveCfg = Release|Win32
		{E3176879-760F-4B83-B49E-58F89801F598}.Release|x86.Build.0 = Release|Win32
		{0B7D597F-378E-4609-A6D8-2B67A8486BD1}.Debug|Any CPU.ActiveCfg = Debug|x64
		{0B7D597F-378E-4609-A6D8-2B67A8486BD1}.Debug|Any CPU.Build.0 = Debug|x64
		{0B7D597F-378E-4609-A6D8-2B67A8486BD1}.Debug|x64.ActiveCfg = Debug|x64
		{0B7D597F-378E-4609-A6D8-2B67A8486BD1}.Debug|x64.Build.0 = Debug|x64
		{0B7D597F-378E-4609-A6D8-2B67A8486BD1}.Debug|x86.ActiveCfg = Debug|Win32
		{0B7D597F-378E-4609-A6D8-2B67A8486BD1}.Debug|x86.Build.0 = Debug|Win32
		{0B7D597F-378E-4609-A6D8-2B67A8486BD1}.Release|Any CPU.ActiveCfg = Release|x64
		{0B7D597F-378E-4609-A6D8-2B67A8486BD1}.Release|Any CPU.Build.0 = Release|x64
		{0B7D597F-378E-4609-A6D8-2B67A8486BD1}.Release|x64.ActiveCfg = Release|x64
		{0B7D597F-378E-4609-A6D8-2B67A8486BD1}.Release|x64.Build.0 = Release|x64
		{0B7D597F-378E-4609-A6D8-2B67A8486BD1}.Release|x86.ActiveCfg = Release|Win32
		{0B7D597F-378E-4609-A6D8-2B67A8486BD1}.Release|x86.Build.0 = Release|Win32
		{C7F9CF06-A9BC-417A-9DA3-E3D7030934FA}.Debug|Any CPU.ActiveCfg = Debug|x64
		{C7F9CF06-A9BC-417A-9DA3-E3D7030934FA}.Debug|Any CPU.Build.0 = Debug|x64
		{C7F9CF06-A9BC-417A-9DA3-E3D7030934FA}.Debug|x64.ActiveCfg = Debug|x64
		{C7F9CF06-A9BC-417A-9DA3-E3D7030934FA}.Debug|x64.Build.0 = Debug|x64
		{C7F9CF06-A9BC-417A-9DA3-E3D7030934FA}.Debug|x86.ActiveCfg = Debug|Win32
		{C7F9CF06-A9BC-417A-9DA3-E3D7030934FA}.Debug|x86.Build.0 = Debug|Win32
		{C7F9CF06-A9BC-417A-9DA3-E3D7030934FA}.Release|Any CPU.ActiveCfg = Release|x64
		{C7F9CF06-A9BC-417A-9DA3-E3D7030934FA}.Release|Any CPU.Build.0 = Release|x64
		{C7F9CF06-A9BC-417A-9DA3-E3D7030934FA}.Release|x64.ActiveCfg = Release|x64
		{C7F9CF06-A9BC-417A-9DA3-E3D7030934FA}.Release|x64.Build.0 = Release|x64
		{C7F9CF06-A9BC-417A-9DA3-E3D7030934FA}.Release|x86.ActiveCfg = Release|Win32
		{C7F9CF06-A9BC-417A-9DA3-E3D7030934FA}.Release|x86.Build.0 = Release|Win32
		{0D1497A4-1917-46B0-8886-1C04FA11A825}.Debug|Any CPU.ActiveCfg = Debug|x64
		{0D1497A4-1917-46B0-8886-1C04FA11A825}.Debug|Any CPU.Build.0 = Debug|x64
		{0D1497A4-1917-46B0-8886-1C04FA11A825}.Debug|x64.ActiveCfg = Debug|x64
		{0D1497A4-1917-46B0-8886-1C04FA11A825}.Debug|x64.Build.0 = Debug|x64
		{0D1497A4-1917-46B0-8886-1C04FA11A825}.Debug|x86.ActiveCfg = Debug|Win32
		{0D1497A4-1917-46B0-8886-1C04FA11A825}.Debug|x86.Build.0 = Debug|Win32
		{0D1497A4-1917-46B0-8886-1C04FA11A825}.Release|Any CPU.ActiveCfg = Release|x64
		{0D1497A4-1917-46B0-8886-1C04FA11A825}.Release|Any CPU.Build.0 = Release|x64
		{0D1497A4-1917-46B0-8886-1C04FA11A825}.Release|x64.ActiveCfg = Release|x64
		{0D1497A4-1917-46B0-8886-1C04FA11A825}.Release|x64.Build.0 = Release|x64
		{0D1497A4-1917-46B0-8886-1C04FA11A825}.Release|x86.ActiveCfg = Release|Win32
		{0D1497A4-1917-46B0-8886-1C04FA11A825}.Release|x86.Build.0 = Release|Win32
		{41B5DA1A-4FE3-470F-9E5D-5975294C1A64}.Debug|Any CPU.ActiveCfg = Debug|x64
		{41B5DA1A-4FE3-470F-9E5D-5975294C1A64}.Debug|Any CPU.Build.0 = Debug|x64
		{41B5DA1A-4FE3-470F-9E5D-5975294C1A64}.Debug|x64.ActiveCfg = Debug|x64
		{41B5DA1A-4FE3-470F-9E5D-5975294C1A64}.Debug|x64.Build.0 = Debug|x64
		{41B5DA1A-4FE3-470F-9E5D-5975294C1A64}.Debug|x86.ActiveCfg = Debug|Win32
		{41B5DA1A-4FE3-470F-9E5D-5975294C1A64}.Debug|x86.Build.0 = Debug|Win32
		{41B5DA1A-4FE3-470F-9E5D-5975294C1A64}.Release|Any CPU.ActiveCfg = Release|x64
		{41B5DA1A-4FE3-470F-9E5D-5975294C1A64}.Release|Any CPU.Build.0 = Release|x64
		{41B5DA1A-4FE3-470F-9E5D-5975294C1A64}.Release|x64.ActiveCfg = Release|x64
		{41B5DA1A-4FE3-470F-9E5D-5975294C1A64}.Release|x64.Build.0 = Release|x64
		{41B5DA1A-4FE3-470F-9E5D-5975294C1A64}.Release|x86.ActiveCfg = Release|Win32
		{41B5DA1A-4FE3-470F-9E5D-5975294C1A64}.Release|x86.Build.0 = Release|Win32
		{2887918F-4AE3-42C1-8CF2-ABE749B0700A}.Debug|Any CPU.ActiveCfg = Debug|x64
		{2887918F-4AE3-42C1-8CF2-ABE749B0700A}.Debug|Any CPU.Build.0 = Debug|x64
		{2887918F-4AE3-42C1-8CF2-ABE749B0700A}.Debug|x64.ActiveCfg = Debug|x64
		{2887918F-4AE3-42C1-8CF2-ABE749B0700A}.Debug|x64.Build.0 = Debug|x64
		{2887918F-4AE3-42C1-8CF2-ABE749B0700A}.Debug|x86.ActiveCfg = Debug|Win32
		{2887918F-4AE3-42C1-8CF2-ABE749B0700A}.Debug|x86.Build.0 = Debug|Win32
		{2887918F-4AE3-42C1-8CF2-ABE749B0700A}.Release|Any CPU.ActiveCfg = Release|x64
		{2887918F-4AE3-42C1-8CF2-ABE749B0700A}.Release|Any CPU.Build.0 = Release|x64
		{2887918F-4AE3-42C1-8CF2-ABE749B0700A}.Release|x64.ActiveCfg = Release|x64
		{2887918F-4AE3-42C1-8CF2-ABE749B0700A}.Release|x64.Build.0 = Release|x64
		{2887918F-4AE3-42C1-8CF2-ABE749B0700A}.Release|x86.ActiveCfg = Release|Win32
		{2887918F-4AE3-42C1-8CF2-ABE749B0700A}.Release|x86.Build.0 = Release|Win32
	EndGlobalSection
	GlobalSection(SolutionProperties) = preSolution
		HideSolutionNode = FALSE
	EndGlobalSection
	GlobalSection(ExtensibilityGlobals) = postSolution
		SolutionGuid = {330F6753-0555-471D-ACAF-A30DC5B42634}
	EndGlobalSection
EndGlobal
